# THIS IS AN AUTOGENERATED FILE. DO NOT EDIT THIS FILE DIRECTLY.
# yarn lockfile v1


"@esbuild/android-arm@0.23.1":
  version "0.23.1"
  resolved "https://registry.npmjs.org/@esbuild/android-arm/-/android-arm-0.23.1.tgz"
  integrity sha512-uz6/tEy2IFm9RYOyvKl88zdzZfwEfKZmnX9Cj1BHjeSGNuGLuMD1kR8y5bteYmwqKm1tj8m4cb/aKEorr6fHWQ==

"@hono/node-server@^1.12.2":
  version "1.12.2"
  resolved "https://registry.npmjs.org/@hono/node-server/-/node-server-1.12.2.tgz"
  integrity sha512-xjzhqhSWUE/OhN0g3KCNVzNsQMlFUAL+/8GgPUr3TKcU7cvgZVBGswFofJ8WwGEHTqobzze1lDpGJl9ZNckDhA==

"@types/node@^20.11.17":
  version "20.16.4"
  resolved "https://registry.npmjs.org/@types/node/-/node-20.16.4.tgz"
  integrity sha512-ioyQ1zK9aGEomJ45zz8S8IdzElyxhvP1RVWnPrXDf6wFaUb+kk1tEcVVJkF7RPGM0VWI7cp5U57oCPIn5iN1qg==
  dependencies:
    undici-types "~6.19.2"

esbuild@~0.23.0:
  version "0.23.1"
  resolved "https://registry.npmjs.org/esbuild/-/esbuild-0.23.1.tgz"
  integrity sha512-VVNz/9Sa0bs5SELtn3f7qhJCDPCF5oMEl5cO9/SSinpE9hbPVvxbd572HH5AKiP7WD8INO53GgfDDhRjkylHEg==
  optionalDependencies:
    "@esbuild/aix-ppc64" "0.23.1"
    "@esbuild/android-arm" "0.23.1"
    "@esbuild/android-arm64" "0.23.1"
    "@esbuild/android-x64" "0.23.1"
    "@esbuild/darwin-arm64" "0.23.1"
    "@esbuild/darwin-x64" "0.23.1"
    "@esbuild/freebsd-arm64" "0.23.1"
    "@esbuild/freebsd-x64" "0.23.1"
    "@esbuild/linux-arm" "0.23.1"
    "@esbuild/linux-arm64" "0.23.1"
    "@esbuild/linux-ia32" "0.23.1"
    "@esbuild/linux-loong64" "0.23.1"
    "@esbuild/linux-mips64el" "0.23.1"
    "@esbuild/linux-ppc64" "0.23.1"
    "@esbuild/linux-riscv64" "0.23.1"
    "@esbuild/linux-s390x" "0.23.1"
    "@esbuild/linux-x64" "0.23.1"
    "@esbuild/netbsd-x64" "0.23.1"
    "@esbuild/openbsd-arm64" "0.23.1"
    "@esbuild/openbsd-x64" "0.23.1"
    "@esbuild/sunos-x64" "0.23.1"
    "@esbuild/win32-arm64" "0.23.1"
    "@esbuild/win32-ia32" "0.23.1"
    "@esbuild/win32-x64" "0.23.1"

get-tsconfig@^4.7.5:
  version "4.8.0"
  resolved "https://registry.npmjs.org/get-tsconfig/-/get-tsconfig-4.8.0.tgz"
  integrity sha512-Pgba6TExTZ0FJAn1qkJAjIeKoDJ3CsI2ChuLohJnZl/tTU8MVrq3b+2t5UOPfRa4RMsorClBjJALkJUMjG1PAw==
  dependencies:
    resolve-pkg-maps "^1.0.0"

hono@^4, hono@^4.5.11:
  version "4.5.11"
  resolved "https://registry.npmjs.org/hono/-/hono-4.5.11.tgz"
  integrity sha512-62FcjLPtjAFwISVBUshryl+vbHOjg8rE4uIK/dxyR8GpLztunZpwFmfEvmJCUI7xoGh/Sr3CGCDPCmYxVw7wUQ==

resolve-pkg-maps@^1.0.0:
  version "1.0.0"
  resolved "https://registry.npmjs.org/resolve-pkg-maps/-/resolve-pkg-maps-1.0.0.tgz"
  integrity sha512-seS2Tj26TBVOC2NIc2rOe2y2ZO7efxITtLZcGSOnHHNOQ7CkiUBfw0Iw2ck6xkIhPwLhKNLS8BO+hEpngQlqzw==

tsx@^4.7.1:
  version "4.19.0"
  resolved "https://registry.npmjs.org/tsx/-/tsx-4.19.0.tgz"
  integrity sha512-bV30kM7bsLZKZIOCHeMNVMJ32/LuJzLVajkQI/qf92J2Qr08ueLQvW00PUZGiuLPP760UINwupgUj8qrSCPUKg==
  dependencies:
    esbuild "~0.23.0"
    get-tsconfig "^4.7.5"
  optionalDependencies:
    fsevents "~2.3.3"

undici-types@~6.19.2:
  version "6.19.8"
  resolved "https://registry.npmjs.org/undici-types/-/undici-types-6.19.8.tgz"
  integrity sha512-ve2KP6f/JnbPBFyobGHuerC9g1FYGn/F8n1LWTwNxCEzd6IfqTwUQcNXgEtmmQ6DlRrC1hrSrBnCZPokRrDHjw==
